
Microsoft Visual Studio Solution File, Format Version 12.00
# Visual Studio Version 17
VisualStudioVersion = 17.4.33205.214
MinimumVisualStudioVersion = 10.0.40219.1
Project("{FAE04EC0-301F-11D3-BF4B-00C04F79EFBC}") = "Telerik.Sitefinity.Newsletters.SendGrid", "Telerik.Sitefinity.Newsletters.SendGrid\Telerik.Sitefinity.Newsletters.SendGrid.csproj", "{087C159F-9EC1-4EF7-9908-2EA13B202C6F}"
EndProject
Project("{FAE04EC0-301F-11D3-BF4B-00C04F79EFBC}") = "Telerik.Sitefinity.Newsletters.SendGrid.Test", "Telerik.Sitefinity.Newsletters.SendGrid.Test\Telerik.Sitefinity.Newsletters.SendGrid.Test.csproj", "{A6C0B27E-3F9B-4A0E-913C-D9225BD2CAF5}"
EndProject
Project("{2150E333-8FDC-42A3-9474-1A3956D46DE8}") = ".nuget", ".nuget", "{238565CB-5E28-4604-AA4D-13E1AF926289}"
	ProjectSection(SolutionItems) = preProject
		.nuget\NuGet.Config = .nuget\NuGet.Config
	EndProjectSection
EndProject
Project("{2150E333-8FDC-42A3-9474-1A3956D46DE8}") = "StyleCop", "StyleCop", "{7919BDC2-66EB-4C78-B42D-51C204BB1B31}"
	ProjectSection(SolutionItems) = preProject
		Builds\StyleCop\StyleCop.Targets = Builds\StyleCop\StyleCop.Targets
	EndProjectSection
EndProject
Global
	GlobalSection(SolutionConfigurationPlatforms) = preSolution
		Debug|Any CPU = Debug|Any CPU
		Release|Any CPU = Release|Any CPU
	EndGlobalSection
	GlobalSection(ProjectConfigurationPlatforms) = postSolution
		{087C159F-9EC1-4EF7-9908-2EA13B202C6F}.Debug|Any CPU.ActiveCfg = Debug|Any CPU
		{087C159F-9EC1-4EF7-9908-2EA13B202C6F}.Debug|Any CPU.Build.0 = Debug|Any CPU
		{087C159F-9EC1-4EF7-9908-2EA13B202C6F}.Release|Any CPU.ActiveCfg = Release|Any CPU
		{087C159F-9EC1-4EF7-9908-2EA13B202C6F}.Release|Any CPU.Build.0 = Release|Any CPU
		{A6C0B27E-3F9B-4A0E-913C-D9225BD2CAF5}.Debug|Any CPU.ActiveCfg = Debug|Any CPU
		{A6C0B27E-3F9B-4A0E-913C-D9225BD2CAF5}.Debug|Any CPU.Build.0 = Debug|Any CPU
		{A6C0B27E-3F9B-4A0E-913C-D9225BD2CAF5}.Release|Any CPU.ActiveCfg = Release|Any CPU
		{A6C0B27E-3F9B-4A0E-913C-D9225BD2CAF5}.Release|Any CPU.Build.0 = Release|Any CPU
	EndGlobalSection
	GlobalSection(SolutionProperties) = preSolution
		HideSolutionNode = FALSE
	EndGlobalSection
	GlobalSection(ExtensibilityGlobals) = postSolution
		SolutionGuid = {6BB41A95-A446-4248-90F5-9E689E2453D5}
	EndGlobalSection
EndGlobal
